
Microsoft Visual Studio Solution File, Format Version 12.00
# Visual Studio Version 17
VisualStudioVersion = 17.13.35919.96 d17.13
MinimumVisualStudioVersion = 10.0.40219.1
Project("{FAE04EC0-301F-11D3-BF4B-00C04F79EFBC}") = "CourseManagement", "CourseManagement.csproj", "{844D1A69-8718-3578-E351-19155BC61268}"
EndProject
Global
	GlobalSection(SolutionConfigurationPlatforms) = preSolution
		Debug|Any CPU = Debug|Any CPU
		Release|Any CPU = Release|Any CPU
	EndGlobalSection
	GlobalSection(ProjectConfigurationPlatforms) = postSolution
		{844D1A69-8718-3578-E351-19155BC61268}.Debug|Any CPU.ActiveCfg = Debug|Any CPU
		{844D1A69-8718-3578-E351-19155BC61268}.Debug|Any CPU.Build.0 = Debug|Any CPU
		{844D1A69-8718-3578-E351-19155BC61268}.Release|Any CPU.ActiveCfg = Release|Any CPU
		{844D1A69-8718-3578-E351-19155BC61268}.Release|Any CPU.Build.0 = Release|Any CPU
	EndGlobalSection
	GlobalSection(SolutionProperties) = preSolution
		HideSolutionNode = FALSE
	EndGlobalSection
	GlobalSection(ExtensibilityGlobals) = postSolution
		SolutionGuid = {D2EF64AD-BB33-4422-B133-6663BD3A4C4C}
	EndGlobalSection
EndGlobal
